
Microsoft Visual Studio Solution File, Format Version 12.00
# Visual Studio Version 17
VisualStudioVersion = 17.7.34031.279
MinimumVisualStudioVersion = 10.0.40219.1
Project("{FAE04EC0-301F-11D3-BF4B-00C04F79EFBC}") = "Refrigerantes", "Refrigerantes\Refrigerantes.csproj", "{FEFF8ECA-C47C-453B-B8DB-73D0F3E0088A}"
EndProject
Global
	GlobalSection(SolutionConfigurationPlatforms) = preSolution
		Debug|Any CPU = Debug|Any CPU
		Release|Any CPU = Release|Any CPU
	EndGlobalSection
	GlobalSection(ProjectConfigurationPlatforms) = postSolution
		{FEFF8ECA-C47C-453B-B8DB-73D0F3E0088A}.Debug|Any CPU.ActiveCfg = Debug|Any CPU
		{FEFF8ECA-C47C-453B-B8DB-73D0F3E0088A}.Debug|Any CPU.Build.0 = Debug|Any CPU
		{FEFF8ECA-C47C-453B-B8DB-73D0F3E0088A}.Release|Any CPU.ActiveCfg = Release|Any CPU
		{FEFF8ECA-C47C-453B-B8DB-73D0F3E0088A}.Release|Any CPU.Build.0 = Release|Any CPU
	EndGlobalSection
	GlobalSection(SolutionProperties) = preSolution
		HideSolutionNode = FALSE
	EndGlobalSection
	GlobalSection(ExtensibilityGlobals) = postSolution
		SolutionGuid = {04454ACB-C119-45FC-B4D7-CB73909BECF0}
	EndGlobalSection
EndGlobal
